// !$*UTF8*$!
{
	archiveVersion = 1;
	classes = {
	};
	objectVersion = 46;
	objects = {

/* Begin PBXBuildFile section */
		EA262AD013D2C692006574FB /* UIKit.framework in Frameworks */ = {isa = PBXBuildFile; fileRef = EA6DDC5713D2C2CF0054A79B /* UIKit.framework */; };
		EA262AD113D2C692006574FB /* Foundation.framework in Frameworks */ = {isa = PBXBuildFile; fileRef = EA6DDC5913D2C2CF0054A79B /* Foundation.framework */; };
		EA262AD213D2C692006574FB /* CoreGraphics.framework in Frameworks */ = {isa = PBXBuildFile; fileRef = EA6DDC5B13D2C2CF0054A79B /* CoreGraphics.framework */; };
		EA262AD813D2C692006574FB /* InfoPlist.strings in Resources */ = {isa = PBXBuildFile; fileRef = EA262AD613D2C692006574FB /* InfoPlist.strings */; };
		EA262ADB13D2C692006574FB /* main.m in Sources */ = {isa = PBXBuildFile; fileRef = EA262ADA13D2C692006574FB /* main.m */; };
		EA262AE613D2C6F2006574FB /* GHUnitIOS.framework in Frameworks */ = {isa = PBXBuildFile; fileRef = EA262AE513D2C6F2006574FB /* GHUnitIOS.framework */; };
		EA262AE913D2C811006574FB /* SampleTest.m in Sources */ = {isa = PBXBuildFile; fileRef = EA262AE813D2C811006574FB /* SampleTest.m */; };
		EA262B1113D2CCDB006574FB /* CoreLocation.framework in Frameworks */ = {isa = PBXBuildFile; fileRef = EA262B1013D2CCDB006574FB /* CoreLocation.framework */; };
		EA262B1D13D2CDE6006574FB /* EPSG3785.m in Sources */ = {isa = PBXBuildFile; fileRef = EA262B1813D2CDE6006574FB /* EPSG3785.m */; };
		EA262B1E13D2CDE6006574FB /* JSBaseProjection.m in Sources */ = {isa = PBXBuildFile; fileRef = EA262B1A13D2CDE6006574FB /* JSBaseProjection.m */; };
		EA262B2313D2CE2F006574FB /* EPSG3785Test.m in Sources */ = {isa = PBXBuildFile; fileRef = EA262B2213D2CE2F006574FB /* EPSG3785Test.m */; };
		EA262B2713D2CEC3006574FB /* JSMapPos.m in Sources */ = {isa = PBXBuildFile; fileRef = EA262B2613D2CEC3006574FB /* JSMapPos.m */; };
		EA262B2A13D2CF27006574FB /* JSWgsPoint.m in Sources */ = {isa = PBXBuildFile; fileRef = EA262B2913D2CF27006574FB /* JSWgsPoint.m */; };
		EA262B2C13D2CFE2006574FB /* libProj4.a in Frameworks */ = {isa = PBXBuildFile; fileRef = EA262B2B13D2CFE2006574FB /* libProj4.a */; };
		EA262B2F13D2D00F006574FB /* libProj4.a in Frameworks */ = {isa = PBXBuildFile; fileRef = EA262B2B13D2CFE2006574FB /* libProj4.a */; };
		EA262B3013D2D09C006574FB /* EPSG3785.m in Sources */ = {isa = PBXBuildFile; fileRef = EA262B1813D2CDE6006574FB /* EPSG3785.m */; };
		EA262B3313D2D17E006574FB /* CoreLocation.framework in Frameworks */ = {isa = PBXBuildFile; fileRef = EA262B1013D2CCDB006574FB /* CoreLocation.framework */; };
		EA262B3413D2D1CA006574FB /* JSWgsPoint.m in Sources */ = {isa = PBXBuildFile; fileRef = EA262B2913D2CF27006574FB /* JSWgsPoint.m */; };
		EA262B3513D2D1DA006574FB /* JSMapPos.m in Sources */ = {isa = PBXBuildFile; fileRef = EA262B2613D2CEC3006574FB /* JSMapPos.m */; };
		EA262B3613D2D1E6006574FB /* JSBaseProjection.m in Sources */ = {isa = PBXBuildFile; fileRef = EA262B1A13D2CDE6006574FB /* JSBaseProjection.m */; };
		EA262B3A13D2D858006574FB /* SmallMapViewController.m in Sources */ = {isa = PBXBuildFile; fileRef = EA262B3813D2D858006574FB /* SmallMapViewController.m */; };
		EA262B3B13D2D858006574FB /* SmallMapViewController.xib in Resources */ = {isa = PBXBuildFile; fileRef = EA262B3913D2D858006574FB /* SmallMapViewController.xib */; };
		EA262B3F13D2D870006574FB /* LargeMapViewController.m in Sources */ = {isa = PBXBuildFile; fileRef = EA262B3D13D2D870006574FB /* LargeMapViewController.m */; };
		EA262B4013D2D870006574FB /* LargeMapViewController.xib in Resources */ = {isa = PBXBuildFile; fileRef = EA262B3E13D2D870006574FB /* LargeMapViewController.xib */; };
		EA262BAB13D3093A006574FB /* JSMicrosoftMapTest.m in Sources */ = {isa = PBXBuildFile; fileRef = EA6DDC7B13D2C2CF0054A7A8 /* JSMicrosoftMapTest.m */; };
		EA262C1113D30B8B006574FB /* JSOpenStreetMap.m in Sources */ = {isa = PBXBuildFile; fileRef = EA6DDC7B13D2C2CF0054A7B2 /* JSOpenStreetMap.m */; };
		EA262C1213D30B94006574FB /* JSMicrosoftMap.m in Sources */ = {isa = PBXBuildFile; fileRef = EA6DDC7B13D2C2CF0054A7A5 /* JSMicrosoftMap.m */; };
		EA262C1313D30B9F006574FB /* JSMapTile.m in Sources */ = {isa = PBXBuildFile; fileRef = EA6DDC7B13D2C2CF0054A7AF /* JSMapTile.m */; };
		EA262C1413D30BAD006574FB /* JSBaseMap.m in Sources */ = {isa = PBXBuildFile; fileRef = EA6DDC7B13D2C2CF0054A7A9 /* JSBaseMap.m */; };
		EA262C3313D30BF5006574FB /* JSZoomRange.m in Sources */ = {isa = PBXBuildFile; fileRef = EA6DDC7B13D2C2CF0054A7B5 /* JSZoomRange.m */; };
		EA262C4713D34ADC006574FB /* QuartzCore.framework in Frameworks */ = {isa = PBXBuildFile; fileRef = EA262C4613D34ADC006574FB /* QuartzCore.framework */; };
		EA28A56A13D4E7BA00050D12 /* downloading.png in Resources */ = {isa = PBXBuildFile; fileRef = EA28A56913D4E7BA00050D12 /* downloading.png */; };
		EA38E03013D784F5007D9190 /* ASIDataCompressor.m in Sources */ = {isa = PBXBuildFile; fileRef = EA38E02013D784F5007D9190 /* ASIDataCompressor.m */; };
		EA38E03113D784F5007D9190 /* ASIDataDecompressor.m in Sources */ = {isa = PBXBuildFile; fileRef = EA38E02213D784F5007D9190 /* ASIDataDecompressor.m */; };
		EA38E03213D784F5007D9190 /* ASIDownloadCache.m in Sources */ = {isa = PBXBuildFile; fileRef = EA38E02413D784F5007D9190 /* ASIDownloadCache.m */; };
		EA38E03313D784F5007D9190 /* ASIFormDataRequest.m in Sources */ = {isa = PBXBuildFile; fileRef = EA38E02613D784F5007D9190 /* ASIFormDataRequest.m */; };
		EA38E03413D784F5007D9190 /* ASIHTTPRequest.m in Sources */ = {isa = PBXBuildFile; fileRef = EA38E02813D784F5007D9190 /* ASIHTTPRequest.m */; };
		EA38E03513D784F5007D9190 /* ASIInputStream.m in Sources */ = {isa = PBXBuildFile; fileRef = EA38E02C13D784F5007D9190 /* ASIInputStream.m */; };
		EA38E03613D784F5007D9190 /* ASINetworkQueue.m in Sources */ = {isa = PBXBuildFile; fileRef = EA38E02E13D784F5007D9190 /* ASINetworkQueue.m */; };
		EA38E03913D78508007D9190 /* ASIAuthenticationDialog.m in Sources */ = {isa = PBXBuildFile; fileRef = EA38E03813D78508007D9190 /* ASIAuthenticationDialog.m */; };
		EA38E03C13D78517007D9190 /* Reachability.m in Sources */ = {isa = PBXBuildFile; fileRef = EA38E03B13D78517007D9190 /* Reachability.m */; };
		EA38E03E13D7852E007D9190 /* CFNetwork.framework in Frameworks */ = {isa = PBXBuildFile; fileRef = EA38E03D13D7852E007D9190 /* CFNetwork.framework */; };
		EA38E04013D78539007D9190 /* SystemConfiguration.framework in Frameworks */ = {isa = PBXBuildFile; fileRef = EA38E03F13D78539007D9190 /* SystemConfiguration.framework */; };
		EA38E04213D78554007D9190 /* MobileCoreServices.framework in Frameworks */ = {isa = PBXBuildFile; fileRef = EA38E04113D78554007D9190 /* MobileCoreServices.framework */; };
		EA38E04413D78561007D9190 /* libz.1.2.3.dylib in Frameworks */ = {isa = PBXBuildFile; fileRef = EA38E04313D78561007D9190 /* libz.1.2.3.dylib */; };
		EA38E05C13D788A1007D9190 /* JSTilePullRequest.m in Sources */ = {isa = PBXBuildFile; fileRef = EA38E05B13D788A1007D9190 /* JSTilePullRequest.m */; };
		EA6DDC5813D2C2CF0054A79B /* UIKit.framework in Frameworks */ = {isa = PBXBuildFile; fileRef = EA6DDC5713D2C2CF0054A79B /* UIKit.framework */; };
		EA6DDC5A13D2C2CF0054A79B /* Foundation.framework in Frameworks */ = {isa = PBXBuildFile; fileRef = EA6DDC5913D2C2CF0054A79B /* Foundation.framework */; };
		EA6DDC5C13D2C2CF0054A79B /* CoreGraphics.framework in Frameworks */ = {isa = PBXBuildFile; fileRef = EA6DDC5B13D2C2CF0054A79B /* CoreGraphics.framework */; };
		EA6DDC6213D2C2CF0054A79B /* InfoPlist.strings in Resources */ = {isa = PBXBuildFile; fileRef = EA6DDC6013D2C2CF0054A79B /* InfoPlist.strings */; };
		EA6DDC6513D2C2CF0054A79B /* main.m in Sources */ = {isa = PBXBuildFile; fileRef = EA6DDC6413D2C2CF0054A79B /* main.m */; };
		EA6DDC6813D2C2CF0054A79B /* AnyMapAppDelegate.m in Sources */ = {isa = PBXBuildFile; fileRef = EA6DDC6713D2C2CF0054A79B /* AnyMapAppDelegate.m */; };
		EA6DDC6C13D2C2CF0054A79B /* AnyMapAppDelegate_iPhone.m in Sources */ = {isa = PBXBuildFile; fileRef = EA6DDC6B13D2C2CF0054A79B /* AnyMapAppDelegate_iPhone.m */; };
		EA6DDC6F13D2C2CF0054A79B /* MainWindow_iPhone.xib in Resources */ = {isa = PBXBuildFile; fileRef = EA6DDC6D13D2C2CF0054A79B /* MainWindow_iPhone.xib */; };
		EA6DDC7313D2C2CF0054A79B /* AnyMapAppDelegate_iPad.m in Sources */ = {isa = PBXBuildFile; fileRef = EA6DDC7213D2C2CF0054A79B /* AnyMapAppDelegate_iPad.m */; };
		EA6DDC7613D2C2CF0054A79B /* MainWindow_iPad.xib in Resources */ = {isa = PBXBuildFile; fileRef = EA6DDC7413D2C2CF0054A79B /* MainWindow_iPad.xib */; };
		EA6DDC7B13D2C2CF0054A79D /* MapViewController.m in Sources */ = {isa = PBXBuildFile; fileRef = EA6DDC7B13D2C2CF0054A79C /* MapViewController.m */; };
		EA6DDC7B13D2C2CF0054A7A0 /* JSMapView.m in Sources */ = {isa = PBXBuildFile; fileRef = EA6DDC7B13D2C2CF0054A79F /* JSMapView.m */; };
		EA6DDC7B13D2C2CF0054A7A3 /* JSMapTilesView.m in Sources */ = {isa = PBXBuildFile; fileRef = EA6DDC7B13D2C2CF0054A7A2 /* JSMapTilesView.m */; };
		EA6DDC7B13D2C2CF0054A7A6 /* JSMicrosoftMap.m in Sources */ = {isa = PBXBuildFile; fileRef = EA6DDC7B13D2C2CF0054A7A5 /* JSMicrosoftMap.m */; };
		EA6DDC7B13D2C2CF0054A7AA /* JSBaseMap.m in Sources */ = {isa = PBXBuildFile; fileRef = EA6DDC7B13D2C2CF0054A7A9 /* JSBaseMap.m */; };
		EA6DDC7B13D2C2CF0054A7AE /* JSMapTileTest.m in Sources */ = {isa = PBXBuildFile; fileRef = EA6DDC7B13D2C2CF0054A7AD /* JSMapTileTest.m */; };
		EA6DDC7B13D2C2CF0054A7B0 /* JSMapTile.m in Sources */ = {isa = PBXBuildFile; fileRef = EA6DDC7B13D2C2CF0054A7AF /* JSMapTile.m */; };
		EA6DDC7B13D2C2CF0054A7B3 /* JSOpenStreetMap.m in Sources */ = {isa = PBXBuildFile; fileRef = EA6DDC7B13D2C2CF0054A7B2 /* JSOpenStreetMap.m */; };
		EA6DDC7B13D2C2CF0054A7B6 /* JSZoomRange.m in Sources */ = {isa = PBXBuildFile; fileRef = EA6DDC7B13D2C2CF0054A7B5 /* JSZoomRange.m */; };
		EA6DDC7B13D2C2CF0054A7B9 /* JSMapTilesRenderer.m in Sources */ = {isa = PBXBuildFile; fileRef = EA6DDC7B13D2C2CF0054A7B8 /* JSMapTilesRenderer.m */; };
/* End PBXBuildFile section */

/* Begin PBXContainerItemProxy section */
		EA262B0513D2CB25006574FB /* PBXContainerItemProxy */ = {
			isa = PBXContainerItemProxy;
			containerPortal = EA262AFE13D2CB24006574FB /* Proj4.xcodeproj */;
			proxyType = 2;
			remoteGlobalIDString = D2AAC07E0554694100DB518D;
			remoteInfo = Proj4;
		};
		EA262B0713D2CB31006574FB /* PBXContainerItemProxy */ = {
			isa = PBXContainerItemProxy;
			containerPortal = EA262AFE13D2CB24006574FB /* Proj4.xcodeproj */;
			proxyType = 1;
			remoteGlobalIDString = D2AAC07D0554694100DB518D;
			remoteInfo = Proj4;
		};
/* End PBXContainerItemProxy section */

/* Begin PBXFileReference section */
		EA262ACE13D2C692006574FB /* UnitTests.app */ = {isa = PBXFileReference; explicitFileType = wrapper.application; includeInIndex = 0; path = UnitTests.app; sourceTree = BUILT_PRODUCTS_DIR; };
		EA262AD513D2C692006574FB /* UnitTests-Info.plist */ = {isa = PBXFileReference; lastKnownFileType = text.plist.xml; path = "UnitTests-Info.plist"; sourceTree = "<group>"; };
		EA262AD713D2C692006574FB /* en */ = {isa = PBXFileReference; lastKnownFileType = text.plist.strings; name = en; path = en.lproj/InfoPlist.strings; sourceTree = "<group>"; };
		EA262AD913D2C692006574FB /* UnitTests-Prefix.pch */ = {isa = PBXFileReference; lastKnownFileType = sourcecode.c.h; path = "UnitTests-Prefix.pch"; sourceTree = "<group>"; };
		EA262ADA13D2C692006574FB /* main.m */ = {isa = PBXFileReference; lastKnownFileType = sourcecode.c.objc; path = main.m; sourceTree = "<group>"; };
		EA262AE513D2C6F2006574FB /* GHUnitIOS.framework */ = {isa = PBXFileReference; lastKnownFileType = wrapper.framework; path = GHUnitIOS.framework; sourceTree = "<group>"; };
		EA262AE813D2C811006574FB /* SampleTest.m */ = {isa = PBXFileReference; fileEncoding = 4; lastKnownFileType = sourcecode.c.objc; path = SampleTest.m; sourceTree = "<group>"; };
		EA262AFE13D2CB24006574FB /* Proj4.xcodeproj */ = {isa = PBXFileReference; lastKnownFileType = "wrapper.pb-project"; name = Proj4.xcodeproj; path = Proj4/Proj4.xcodeproj; sourceTree = "<group>"; };
		EA262B1013D2CCDB006574FB /* CoreLocation.framework */ = {isa = PBXFileReference; lastKnownFileType = wrapper.framework; name = CoreLocation.framework; path = System/Library/Frameworks/CoreLocation.framework; sourceTree = SDKROOT; };
		EA262B1613D2CDE6006574FB /* Constants.h */ = {isa = PBXFileReference; fileEncoding = 4; lastKnownFileType = sourcecode.c.h; path = Constants.h; sourceTree = "<group>"; };
		EA262B1713D2CDE6006574FB /* EPSG3785.h */ = {isa = PBXFileReference; fileEncoding = 4; lastKnownFileType = sourcecode.c.h; path = EPSG3785.h; sourceTree = "<group>"; };
		EA262B1813D2CDE6006574FB /* EPSG3785.m */ = {isa = PBXFileReference; fileEncoding = 4; lastKnownFileType = sourcecode.c.objc; path = EPSG3785.m; sourceTree = "<group>"; };
		EA262B1913D2CDE6006574FB /* JSBaseProjection.h */ = {isa = PBXFileReference; fileEncoding = 4; lastKnownFileType = sourcecode.c.h; path = JSBaseProjection.h; sourceTree = "<group>"; };
		EA262B1A13D2CDE6006574FB /* JSBaseProjection.m */ = {isa = PBXFileReference; fileEncoding = 4; lastKnownFileType = sourcecode.c.objc; path = JSBaseProjection.m; sourceTree = "<group>"; };
		EA262B1B13D2CDE6006574FB /* JSProjection.h */ = {isa = PBXFileReference; fileEncoding = 4; lastKnownFileType = sourcecode.c.h; path = JSProjection.h; sourceTree = "<group>"; };
		EA262B2213D2CE2F006574FB /* EPSG3785Test.m */ = {isa = PBXFileReference; fileEncoding = 4; lastKnownFileType = sourcecode.c.objc; path = EPSG3785Test.m; sourceTree = "<group>"; };
		EA262B2513D2CEC3006574FB /* JSMapPos.h */ = {isa = PBXFileReference; fileEncoding = 4; lastKnownFileType = sourcecode.c.h; path = JSMapPos.h; sourceTree = "<group>"; };
		EA262B2613D2CEC3006574FB /* JSMapPos.m */ = {isa = PBXFileReference; fileEncoding = 4; lastKnownFileType = sourcecode.c.objc; path = JSMapPos.m; sourceTree = "<group>"; };
		EA262B2813D2CF27006574FB /* JSWgsPoint.h */ = {isa = PBXFileReference; fileEncoding = 4; lastKnownFileType = sourcecode.c.h; path = JSWgsPoint.h; sourceTree = "<group>"; };
		EA262B2913D2CF27006574FB /* JSWgsPoint.m */ = {isa = PBXFileReference; fileEncoding = 4; lastKnownFileType = sourcecode.c.objc; path = JSWgsPoint.m; sourceTree = "<group>"; };
		EA262B2B13D2CFE2006574FB /* libProj4.a */ = {isa = PBXFileReference; explicitFileType = archive.ar; path = libProj4.a; sourceTree = BUILT_PRODUCTS_DIR; };
		EA262B3713D2D858006574FB /* SmallMapViewController.h */ = {isa = PBXFileReference; fileEncoding = 4; lastKnownFileType = sourcecode.c.h; path = SmallMapViewController.h; sourceTree = "<group>"; };
		EA262B3813D2D858006574FB /* SmallMapViewController.m */ = {isa = PBXFileReference; fileEncoding = 4; lastKnownFileType = sourcecode.c.objc; path = SmallMapViewController.m; sourceTree = "<group>"; };
		EA262B3913D2D858006574FB /* SmallMapViewController.xib */ = {isa = PBXFileReference; fileEncoding = 4; lastKnownFileType = file.xib; path = SmallMapViewController.xib; sourceTree = "<group>"; };
		EA262B3C13D2D870006574FB /* LargeMapViewController.h */ = {isa = PBXFileReference; fileEncoding = 4; lastKnownFileType = sourcecode.c.h; path = LargeMapViewController.h; sourceTree = "<group>"; };
		EA262B3D13D2D870006574FB /* LargeMapViewController.m */ = {isa = PBXFileReference; fileEncoding = 4; lastKnownFileType = sourcecode.c.objc; path = LargeMapViewController.m; sourceTree = "<group>"; };
		EA262B3E13D2D870006574FB /* LargeMapViewController.xib */ = {isa = PBXFileReference; fileEncoding = 4; lastKnownFileType = file.xib; path = LargeMapViewController.xib; sourceTree = "<group>"; };
		EA262C4613D34ADC006574FB /* QuartzCore.framework */ = {isa = PBXFileReference; lastKnownFileType = wrapper.framework; name = QuartzCore.framework; path = System/Library/Frameworks/QuartzCore.framework; sourceTree = SDKROOT; };
		EA28A56913D4E7BA00050D12 /* downloading.png */ = {isa = PBXFileReference; lastKnownFileType = image.png; path = downloading.png; sourceTree = "<group>"; };
		EA38E01E13D784F5007D9190 /* ASICacheDelegate.h */ = {isa = PBXFileReference; fileEncoding = 4; lastKnownFileType = sourcecode.c.h; path = ASICacheDelegate.h; sourceTree = "<group>"; };
		EA38E01F13D784F5007D9190 /* ASIDataCompressor.h */ = {isa = PBXFileReference; fileEncoding = 4; lastKnownFileType = sourcecode.c.h; path = ASIDataCompressor.h; sourceTree = "<group>"; };
		EA38E02013D784F5007D9190 /* ASIDataCompressor.m */ = {isa = PBXFileReference; fileEncoding = 4; lastKnownFileType = sourcecode.c.objc; path = ASIDataCompressor.m; sourceTree = "<group>"; };
		EA38E02113D784F5007D9190 /* ASIDataDecompressor.h */ = {isa = PBXFileReference; fileEncoding = 4; lastKnownFileType = sourcecode.c.h; path = ASIDataDecompressor.h; sourceTree = "<group>"; };
		EA38E02213D784F5007D9190 /* ASIDataDecompressor.m */ = {isa = PBXFileReference; fileEncoding = 4; lastKnownFileType = sourcecode.c.objc; path = ASIDataDecompressor.m; sourceTree = "<group>"; };
		EA38E02313D784F5007D9190 /* ASIDownloadCache.h */ = {isa = PBXFileReference; fileEncoding = 4; lastKnownFileType = sourcecode.c.h; path = ASIDownloadCache.h; sourceTree = "<group>"; };
		EA38E02413D784F5007D9190 /* ASIDownloadCache.m */ = {isa = PBXFileReference; fileEncoding = 4; lastKnownFileType = sourcecode.c.objc; path = ASIDownloadCache.m; sourceTree = "<group>"; };
		EA38E02513D784F5007D9190 /* ASIFormDataRequest.h */ = {isa = PBXFileReference; fileEncoding = 4; lastKnownFileType = sourcecode.c.h; path = ASIFormDataRequest.h; sourceTree = "<group>"; };
		EA38E02613D784F5007D9190 /* ASIFormDataRequest.m */ = {isa = PBXFileReference; fileEncoding = 4; lastKnownFileType = sourcecode.c.objc; path = ASIFormDataRequest.m; sourceTree = "<group>"; };
		EA38E02713D784F5007D9190 /* ASIHTTPRequest.h */ = {isa = PBXFileReference; fileEncoding = 4; lastKnownFileType = sourcecode.c.h; path = ASIHTTPRequest.h; sourceTree = "<group>"; };
		EA38E02813D784F5007D9190 /* ASIHTTPRequest.m */ = {isa = PBXFileReference; fileEncoding = 4; lastKnownFileType = sourcecode.c.objc; path = ASIHTTPRequest.m; sourceTree = "<group>"; };
		EA38E02913D784F5007D9190 /* ASIHTTPRequestConfig.h */ = {isa = PBXFileReference; fileEncoding = 4; lastKnownFileType = sourcecode.c.h; path = ASIHTTPRequestConfig.h; sourceTree = "<group>"; };
		EA38E02A13D784F5007D9190 /* ASIHTTPRequestDelegate.h */ = {isa = PBXFileReference; fileEncoding = 4; lastKnownFileType = sourcecode.c.h; path = ASIHTTPRequestDelegate.h; sourceTree = "<group>"; };
		EA38E02B13D784F5007D9190 /* ASIInputStream.h */ = {isa = PBXFileReference; fileEncoding = 4; lastKnownFileType = sourcecode.c.h; path = ASIInputStream.h; sourceTree = "<group>"; };
		EA38E02C13D784F5007D9190 /* ASIInputStream.m */ = {isa = PBXFileReference; fileEncoding = 4; lastKnownFileType = sourcecode.c.objc; path = ASIInputStream.m; sourceTree = "<group>"; };
		EA38E02D13D784F5007D9190 /* ASINetworkQueue.h */ = {isa = PBXFileReference; fileEncoding = 4; lastKnownFileType = sourcecode.c.h; path = ASINetworkQueue.h; sourceTree = "<group>"; };
		EA38E02E13D784F5007D9190 /* ASINetworkQueue.m */ = {isa = PBXFileReference; fileEncoding = 4; lastKnownFileType = sourcecode.c.objc; path = ASINetworkQueue.m; sourceTree = "<group>"; };
		EA38E02F13D784F5007D9190 /* ASIProgressDelegate.h */ = {isa = PBXFileReference; fileEncoding = 4; lastKnownFileType = sourcecode.c.h; path = ASIProgressDelegate.h; sourceTree = "<group>"; };
		EA38E03713D78508007D9190 /* ASIAuthenticationDialog.h */ = {isa = PBXFileReference; fileEncoding = 4; lastKnownFileType = sourcecode.c.h; path = ASIAuthenticationDialog.h; sourceTree = "<group>"; };
		EA38E03813D78508007D9190 /* ASIAuthenticationDialog.m */ = {isa = PBXFileReference; fileEncoding = 4; lastKnownFileType = sourcecode.c.objc; path = ASIAuthenticationDialog.m; sourceTree = "<group>"; };
		EA38E03A13D78517007D9190 /* Reachability.h */ = {isa = PBXFileReference; fileEncoding = 4; lastKnownFileType = sourcecode.c.h; path = Reachability.h; sourceTree = "<group>"; };
		EA38E03B13D78517007D9190 /* Reachability.m */ = {isa = PBXFileReference; fileEncoding = 4; lastKnownFileType = sourcecode.c.objc; path = Reachability.m; sourceTree = "<group>"; };
		EA38E03D13D7852E007D9190 /* CFNetwork.framework */ = {isa = PBXFileReference; lastKnownFileType = wrapper.framework; name = CFNetwork.framework; path = System/Library/Frameworks/CFNetwork.framework; sourceTree = SDKROOT; };
		EA38E03F13D78539007D9190 /* SystemConfiguration.framework */ = {isa = PBXFileReference; lastKnownFileType = wrapper.framework; name = SystemConfiguration.framework; path = System/Library/Frameworks/SystemConfiguration.framework; sourceTree = SDKROOT; };
		EA38E04113D78554007D9190 /* MobileCoreServices.framework */ = {isa = PBXFileReference; lastKnownFileType = wrapper.framework; name = MobileCoreServices.framework; path = System/Library/Frameworks/MobileCoreServices.framework; sourceTree = SDKROOT; };
		EA38E04313D78561007D9190 /* libz.1.2.3.dylib */ = {isa = PBXFileReference; lastKnownFileType = "compiled.mach-o.dylib"; name = libz.1.2.3.dylib; path = usr/lib/libz.1.2.3.dylib; sourceTree = SDKROOT; };
		EA38E05A13D788A1007D9190 /* JSTilePullRequest.h */ = {isa = PBXFileReference; fileEncoding = 4; lastKnownFileType = sourcecode.c.h; path = JSTilePullRequest.h; sourceTree = "<group>"; };
		EA38E05B13D788A1007D9190 /* JSTilePullRequest.m */ = {isa = PBXFileReference; fileEncoding = 4; lastKnownFileType = sourcecode.c.objc; path = JSTilePullRequest.m; sourceTree = "<group>"; };
		EA6DDC5313D2C2CF0054A79B /* AnyMap.app */ = {isa = PBXFileReference; explicitFileType = wrapper.application; includeInIndex = 0; path = AnyMap.app; sourceTree = BUILT_PRODUCTS_DIR; };
		EA6DDC5713D2C2CF0054A79B /* UIKit.framework */ = {isa = PBXFileReference; lastKnownFileType = wrapper.framework; name = UIKit.framework; path = System/Library/Frameworks/UIKit.framework; sourceTree = SDKROOT; };
		EA6DDC5913D2C2CF0054A79B /* Foundation.framework */ = {isa = PBXFileReference; lastKnownFileType = wrapper.framework; name = Foundation.framework; path = System/Library/Frameworks/Foundation.framework; sourceTree = SDKROOT; };
		EA6DDC5B13D2C2CF0054A79B /* CoreGraphics.framework */ = {isa = PBXFileReference; lastKnownFileType = wrapper.framework; name = CoreGraphics.framework; path = System/Library/Frameworks/CoreGraphics.framework; sourceTree = SDKROOT; };
		EA6DDC5F13D2C2CF0054A79B /* AnyMap-Info.plist */ = {isa = PBXFileReference; lastKnownFileType = text.plist.xml; path = "AnyMap-Info.plist"; sourceTree = "<group>"; };
		EA6DDC6113D2C2CF0054A79B /* en */ = {isa = PBXFileReference; lastKnownFileType = text.plist.strings; name = en; path = en.lproj/InfoPlist.strings; sourceTree = "<group>"; };
		EA6DDC6313D2C2CF0054A79B /* AnyMap-Prefix.pch */ = {isa = PBXFileReference; lastKnownFileType = sourcecode.c.h; path = "AnyMap-Prefix.pch"; sourceTree = "<group>"; };
		EA6DDC6413D2C2CF0054A79B /* main.m */ = {isa = PBXFileReference; lastKnownFileType = sourcecode.c.objc; path = main.m; sourceTree = "<group>"; };
		EA6DDC6613D2C2CF0054A79B /* AnyMapAppDelegate.h */ = {isa = PBXFileReference; lastKnownFileType = sourcecode.c.h; path = AnyMapAppDelegate.h; sourceTree = "<group>"; };
		EA6DDC6713D2C2CF0054A79B /* AnyMapAppDelegate.m */ = {isa = PBXFileReference; lastKnownFileType = sourcecode.c.objc; path = AnyMapAppDelegate.m; sourceTree = "<group>"; };
		EA6DDC6A13D2C2CF0054A79B /* AnyMapAppDelegate_iPhone.h */ = {isa = PBXFileReference; lastKnownFileType = sourcecode.c.h; name = AnyMapAppDelegate_iPhone.h; path = iPhone/AnyMapAppDelegate_iPhone.h; sourceTree = "<group>"; };
		EA6DDC6B13D2C2CF0054A79B /* AnyMapAppDelegate_iPhone.m */ = {isa = PBXFileReference; lastKnownFileType = sourcecode.c.objc; name = AnyMapAppDelegate_iPhone.m; path = iPhone/AnyMapAppDelegate_iPhone.m; sourceTree = "<group>"; };
		EA6DDC6E13D2C2CF0054A79B /* en */ = {isa = PBXFileReference; lastKnownFileType = file.xib; name = en; path = iPhone/en.lproj/MainWindow_iPhone.xib; sourceTree = "<group>"; };
		EA6DDC7113D2C2CF0054A79B /* AnyMapAppDelegate_iPad.h */ = {isa = PBXFileReference; lastKnownFileType = sourcecode.c.h; name = AnyMapAppDelegate_iPad.h; path = iPad/AnyMapAppDelegate_iPad.h; sourceTree = "<group>"; };
		EA6DDC7213D2C2CF0054A79B /* AnyMapAppDelegate_iPad.m */ = {isa = PBXFileReference; lastKnownFileType = sourcecode.c.objc; name = AnyMapAppDelegate_iPad.m; path = iPad/AnyMapAppDelegate_iPad.m; sourceTree = "<group>"; };
		EA6DDC7513D2C2CF0054A79B /* en */ = {isa = PBXFileReference; lastKnownFileType = file.xib; name = en; path = iPad/en.lproj/MainWindow_iPad.xib; sourceTree = "<group>"; };
		EA6DDC7B13D2C2CF0054A79C /* MapViewController.m */ = {isa = PBXFileReference; lastKnownFileType = sourcecode.c.objc; path = MapViewController.m; sourceTree = "<group>"; };
		EA6DDC7B13D2C2CF0054A79E /* MapViewController.h */ = {isa = PBXFileReference; lastKnownFileType = sourcecode.c.h; path = MapViewController.h; sourceTree = "<group>"; };
		EA6DDC7B13D2C2CF0054A79F /* JSMapView.m */ = {isa = PBXFileReference; lastKnownFileType = sourcecode.c.objc; path = JSMapView.m; sourceTree = "<group>"; };
		EA6DDC7B13D2C2CF0054A7A1 /* JSMapView.h */ = {isa = PBXFileReference; lastKnownFileType = sourcecode.c.h; path = JSMapView.h; sourceTree = "<group>"; };
		EA6DDC7B13D2C2CF0054A7A2 /* JSMapTilesView.m */ = {isa = PBXFileReference; lastKnownFileType = sourcecode.c.objc; path = JSMapTilesView.m; sourceTree = "<group>"; };
		EA6DDC7B13D2C2CF0054A7A4 /* JSMapTilesView.h */ = {isa = PBXFileReference; lastKnownFileType = sourcecode.c.h; path = JSMapTilesView.h; sourceTree = "<group>"; };
		EA6DDC7B13D2C2CF0054A7A5 /* JSMicrosoftMap.m */ = {isa = PBXFileReference; lastKnownFileType = sourcecode.c.objc; path = JSMicrosoftMap.m; sourceTree = "<group>"; };
		EA6DDC7B13D2C2CF0054A7A7 /* JSMicrosoftMap.h */ = {isa = PBXFileReference; lastKnownFileType = sourcecode.c.h; path = JSMicrosoftMap.h; sourceTree = "<group>"; };
		EA6DDC7B13D2C2CF0054A7A8 /* JSMicrosoftMapTest.m */ = {isa = PBXFileReference; lastKnownFileType = sourcecode.c.objc; path = JSMicrosoftMapTest.m; sourceTree = "<group>"; };
		EA6DDC7B13D2C2CF0054A7A9 /* JSBaseMap.m */ = {isa = PBXFileReference; lastKnownFileType = sourcecode.c.objc; path = JSBaseMap.m; sourceTree = "<group>"; };
		EA6DDC7B13D2C2CF0054A7AB /* JSBaseMap.h */ = {isa = PBXFileReference; lastKnownFileType = sourcecode.c.h; path = JSBaseMap.h; sourceTree = "<group>"; };
		EA6DDC7B13D2C2CF0054A7AC /* JSPixelMap.h */ = {isa = PBXFileReference; lastKnownFileType = sourcecode.c.h; path = JSPixelMap.h; sourceTree = "<group>"; };
		EA6DDC7B13D2C2CF0054A7AD /* JSMapTileTest.m */ = {isa = PBXFileReference; lastKnownFileType = sourcecode.c.objc; path = JSMapTileTest.m; sourceTree = "<group>"; };
		EA6DDC7B13D2C2CF0054A7AF /* JSMapTile.m */ = {isa = PBXFileReference; lastKnownFileType = sourcecode.c.objc; path = JSMapTile.m; sourceTree = "<group>"; };
		EA6DDC7B13D2C2CF0054A7B1 /* JSMapTile.h */ = {isa = PBXFileReference; lastKnownFileType = sourcecode.c.h; path = JSMapTile.h; sourceTree = "<group>"; };
		EA6DDC7B13D2C2CF0054A7B2 /* JSOpenStreetMap.m */ = {isa = PBXFileReference; lastKnownFileType = sourcecode.c.objc; path = JSOpenStreetMap.m; sourceTree = "<group>"; };
		EA6DDC7B13D2C2CF0054A7B4 /* JSOpenStreetMap.h */ = {isa = PBXFileReference; lastKnownFileType = sourcecode.c.h; path = JSOpenStreetMap.h; sourceTree = "<group>"; };
		EA6DDC7B13D2C2CF0054A7B5 /* JSZoomRange.m */ = {isa = PBXFileReference; lastKnownFileType = sourcecode.c.objc; path = JSZoomRange.m; sourceTree = "<group>"; };
		EA6DDC7B13D2C2CF0054A7B7 /* JSZoomRange.h */ = {isa = PBXFileReference; lastKnownFileType = sourcecode.c.h; path = JSZoomRange.h; sourceTree = "<group>"; };
		EA6DDC7B13D2C2CF0054A7B8 /* JSMapTilesRenderer.m */ = {isa = PBXFileReference; lastKnownFileType = sourcecode.c.objc; path = JSMapTilesRenderer.m; sourceTree = "<group>"; };
		EA6DDC7B13D2C2CF0054A7BA /* JSMapTilesRenderer.h */ = {isa = PBXFileReference; lastKnownFileType = sourcecode.c.h; path = JSMapTilesRenderer.h; sourceTree = "<group>"; };
/* End PBXFileReference section */

/* Begin PBXFrameworksBuildPhase section */
		EA262ACB13D2C692006574FB /* Frameworks */ = {
			isa = PBXFrameworksBuildPhase;
			buildActionMask = 2147483647;
			files = (
				EA262AD013D2C692006574FB /* UIKit.framework in Frameworks */,
				EA262AD113D2C692006574FB /* Foundation.framework in Frameworks */,
				EA262AD213D2C692006574FB /* CoreGraphics.framework in Frameworks */,
				EA262AE613D2C6F2006574FB /* GHUnitIOS.framework in Frameworks */,
				EA262B2F13D2D00F006574FB /* libProj4.a in Frameworks */,
				EA262B3313D2D17E006574FB /* CoreLocation.framework in Frameworks */,
			);
			runOnlyForDeploymentPostprocessing = 0;
		};
		EA6DDC5013D2C2CF0054A79B /* Frameworks */ = {
			isa = PBXFrameworksBuildPhase;
			buildActionMask = 2147483647;
			files = (
				EA38E04413D78561007D9190 /* libz.1.2.3.dylib in Frameworks */,
				EA38E04213D78554007D9190 /* MobileCoreServices.framework in Frameworks */,
				EA38E04013D78539007D9190 /* SystemConfiguration.framework in Frameworks */,
				EA38E03E13D7852E007D9190 /* CFNetwork.framework in Frameworks */,
				EA262C4713D34ADC006574FB /* QuartzCore.framework in Frameworks */,
				EA262B2C13D2CFE2006574FB /* libProj4.a in Frameworks */,
				EA262B1113D2CCDB006574FB /* CoreLocation.framework in Frameworks */,
				EA6DDC5813D2C2CF0054A79B /* UIKit.framework in Frameworks */,
				EA6DDC5A13D2C2CF0054A79B /* Foundation.framework in Frameworks */,
				EA6DDC5C13D2C2CF0054A79B /* CoreGraphics.framework in Frameworks */,
			);
			runOnlyForDeploymentPostprocessing = 0;
		};
/* End PBXFrameworksBuildPhase section */

/* Begin PBXGroup section */
		EA262AC713D2C62A006574FB /* TestFrameworks */ = {
			isa = PBXGroup;
			children = (
				EA262AE513D2C6F2006574FB /* GHUnitIOS.framework */,
			);
			path = TestFrameworks;
			sourceTree = "<group>";
		};
		EA262AD313D2C692006574FB /* UnitTests */ = {
			isa = PBXGroup;
			children = (
				EA262AD413D2C692006574FB /* Supporting Files */,
				EA262AE813D2C811006574FB /* SampleTest.m */,
			);
			path = UnitTests;
			sourceTree = "<group>";
		};
		EA262AD413D2C692006574FB /* Supporting Files */ = {
			isa = PBXGroup;
			children = (
				EA262AD513D2C692006574FB /* UnitTests-Info.plist */,
				EA262AD613D2C692006574FB /* InfoPlist.strings */,
				EA262AD913D2C692006574FB /* UnitTests-Prefix.pch */,
				EA262ADA13D2C692006574FB /* main.m */,
			);
			name = "Supporting Files";
			sourceTree = "<group>";
		};
		EA262AFF13D2CB24006574FB /* Products */ = {
			isa = PBXGroup;
			children = (
				EA262B0613D2CB25006574FB /* libProj4.a */,
			);
			name = Products;
			sourceTree = "<group>";
		};
		EA262B0913D2CB70006574FB /* JSMapping */ = {
			isa = PBXGroup;
			children = (
				EA38E01D13D784AB007D9190 /* asi-http-request */,
				EA262B1513D2CDE6006574FB /* Classes */,
				EA262B1C13D2CDE6006574FB /* TestClasses */,
			);
			path = JSMapping;
			sourceTree = "<group>";
		};
		EA262B1513D2CDE6006574FB /* Classes */ = {
			isa = PBXGroup;
			children = (
				EA38E05913D78884007D9190 /* Network */,
				EA262B9513D3083B006574FB /* Maps */,
				EA262B4C13D2D97A006574FB /* Views */,
				EA262B2413D2CEB8006574FB /* Components */,
				EA262B1F13D2CDEC006574FB /* Projections */,
				EA262B1613D2CDE6006574FB /* Constants.h */,
			);
			path = Classes;
			sourceTree = "<group>";
		};
		EA262B1C13D2CDE6006574FB /* TestClasses */ = {
			isa = PBXGroup;
			children = (
				EA262BC013D30A33006574FB /* Components */,
				EA262BA013D308CD006574FB /* Maps */,
				EA262B2013D2CE16006574FB /* Projections */,
			);
			path = TestClasses;
			sourceTree = "<group>";
		};
		EA262B1F13D2CDEC006574FB /* Projections */ = {
			isa = PBXGroup;
			children = (
				EA262B1713D2CDE6006574FB /* EPSG3785.h */,
				EA262B1813D2CDE6006574FB /* EPSG3785.m */,
				EA262B1913D2CDE6006574FB /* JSBaseProjection.h */,
				EA262B1A13D2CDE6006574FB /* JSBaseProjection.m */,
				EA262B1B13D2CDE6006574FB /* JSProjection.h */,
			);
			name = Projections;
			sourceTree = "<group>";
		};
		EA262B2013D2CE16006574FB /* Projections */ = {
			isa = PBXGroup;
			children = (
				EA262B2213D2CE2F006574FB /* EPSG3785Test.m */,
			);
			name = Projections;
			sourceTree = "<group>";
		};
		EA262B2413D2CEB8006574FB /* Components */ = {
			isa = PBXGroup;
			children = (
				EA6DDC7B13D2C2CF0054A7B7 /* JSZoomRange.h */,
				EA6DDC7B13D2C2CF0054A7B5 /* JSZoomRange.m */,
				EA6DDC7B13D2C2CF0054A7B1 /* JSMapTile.h */,
				EA6DDC7B13D2C2CF0054A7AF /* JSMapTile.m */,
				EA262B2513D2CEC3006574FB /* JSMapPos.h */,
				EA262B2613D2CEC3006574FB /* JSMapPos.m */,
				EA262B2813D2CF27006574FB /* JSWgsPoint.h */,
				EA262B2913D2CF27006574FB /* JSWgsPoint.m */,
			);
			name = Components;
			sourceTree = "<group>";
		};
		EA262B4113D2D8F2006574FB /* Shared */ = {
			isa = PBXGroup;
			children = (
				EA6DDC7B13D2C2CF0054A79E /* MapViewController.h */,
				EA6DDC7B13D2C2CF0054A79C /* MapViewController.m */,
			);
			name = Shared;
			sourceTree = "<group>";
		};
		EA262B4C13D2D97A006574FB /* Views */ = {
			isa = PBXGroup;
			children = (
				EA6DDC7B13D2C2CF0054A7BA /* JSMapTilesRenderer.h */,
				EA6DDC7B13D2C2CF0054A7B8 /* JSMapTilesRenderer.m */,
				EA6DDC7B13D2C2CF0054A7A4 /* JSMapTilesView.h */,
				EA6DDC7B13D2C2CF0054A7A2 /* JSMapTilesView.m */,
				EA6DDC7B13D2C2CF0054A7A1 /* JSMapView.h */,
				EA6DDC7B13D2C2CF0054A79F /* JSMapView.m */,
			);
			name = Views;
			sourceTree = "<group>";
		};
		EA262B9513D3083B006574FB /* Maps */ = {
			isa = PBXGroup;
			children = (
				EA6DDC7B13D2C2CF0054A7B4 /* JSOpenStreetMap.h */,
				EA6DDC7B13D2C2CF0054A7B2 /* JSOpenStreetMap.m */,
				EA6DDC7B13D2C2CF0054A7AC /* JSPixelMap.h */,
				EA6DDC7B13D2C2CF0054A7AB /* JSBaseMap.h */,
				EA6DDC7B13D2C2CF0054A7A9 /* JSBaseMap.m */,
				EA6DDC7B13D2C2CF0054A7A7 /* JSMicrosoftMap.h */,
				EA6DDC7B13D2C2CF0054A7A5 /* JSMicrosoftMap.m */,
			);
			name = Maps;
			sourceTree = "<group>";
		};
		EA262BA013D308CD006574FB /* Maps */ = {
			isa = PBXGroup;
			children = (
				EA6DDC7B13D2C2CF0054A7A8 /* JSMicrosoftMapTest.m */,
			);
			name = Maps;
			sourceTree = "<group>";
		};
		EA262BC013D30A33006574FB /* Components */ = {
			isa = PBXGroup;
			children = (
				EA6DDC7B13D2C2CF0054A7AD /* JSMapTileTest.m */,
			);
			name = Components;
			sourceTree = "<group>";
		};
		EA28A56813D4E7BA00050D12 /* graphics */ = {
			isa = PBXGroup;
			children = (
				EA28A56913D4E7BA00050D12 /* downloading.png */,
			);
			name = graphics;
			path = AnyMap/graphics;
			sourceTree = "<group>";
		};
		EA38E01D13D784AB007D9190 /* asi-http-request */ = {
			isa = PBXGroup;
			children = (
				EA38E03A13D78517007D9190 /* Reachability.h */,
				EA38E03B13D78517007D9190 /* Reachability.m */,
				EA38E03713D78508007D9190 /* ASIAuthenticationDialog.h */,
				EA38E03813D78508007D9190 /* ASIAuthenticationDialog.m */,
				EA38E01E13D784F5007D9190 /* ASICacheDelegate.h */,
				EA38E01F13D784F5007D9190 /* ASIDataCompressor.h */,
				EA38E02013D784F5007D9190 /* ASIDataCompressor.m */,
				EA38E02113D784F5007D9190 /* ASIDataDecompressor.h */,
				EA38E02213D784F5007D9190 /* ASIDataDecompressor.m */,
				EA38E02313D784F5007D9190 /* ASIDownloadCache.h */,
				EA38E02413D784F5007D9190 /* ASIDownloadCache.m */,
				EA38E02513D784F5007D9190 /* ASIFormDataRequest.h */,
				EA38E02613D784F5007D9190 /* ASIFormDataRequest.m */,
				EA38E02713D784F5007D9190 /* ASIHTTPRequest.h */,
				EA38E02813D784F5007D9190 /* ASIHTTPRequest.m */,
				EA38E02913D784F5007D9190 /* ASIHTTPRequestConfig.h */,
				EA38E02A13D784F5007D9190 /* ASIHTTPRequestDelegate.h */,
				EA38E02B13D784F5007D9190 /* ASIInputStream.h */,
				EA38E02C13D784F5007D9190 /* ASIInputStream.m */,
				EA38E02D13D784F5007D9190 /* ASINetworkQueue.h */,
				EA38E02E13D784F5007D9190 /* ASINetworkQueue.m */,
				EA38E02F13D784F5007D9190 /* ASIProgressDelegate.h */,
			);
			path = "asi-http-request";
			sourceTree = "<group>";
		};
		EA38E05913D78884007D9190 /* Network */ = {
			isa = PBXGroup;
			children = (
				EA38E05A13D788A1007D9190 /* JSTilePullRequest.h */,
				EA38E05B13D788A1007D9190 /* JSTilePullRequest.m */,
			);
			name = Network;
			sourceTree = "<group>";
		};
		EA6DDC4813D2C2CF0054A79B = {
			isa = PBXGroup;
			children = (
				EA28A56813D4E7BA00050D12 /* graphics */,
				EA262B0913D2CB70006574FB /* JSMapping */,
				EA6DDC5D13D2C2CF0054A79B /* AnyMap */,
				EA262AD313D2C692006574FB /* UnitTests */,
				EA6DDC5613D2C2CF0054A79B /* Frameworks */,
				EA262AC713D2C62A006574FB /* TestFrameworks */,
				EA6DDC5413D2C2CF0054A79B /* Products */,
			);
			sourceTree = "<group>";
			wrapsLines = 0;
		};
		EA6DDC5413D2C2CF0054A79B /* Products */ = {
			isa = PBXGroup;
			children = (
				EA6DDC5313D2C2CF0054A79B /* AnyMap.app */,
				EA262ACE13D2C692006574FB /* UnitTests.app */,
			);
			name = Products;
			sourceTree = "<group>";
		};
		EA6DDC5613D2C2CF0054A79B /* Frameworks */ = {
			isa = PBXGroup;
			children = (
				EA38E04313D78561007D9190 /* libz.1.2.3.dylib */,
				EA38E04113D78554007D9190 /* MobileCoreServices.framework */,
				EA38E03F13D78539007D9190 /* SystemConfiguration.framework */,
				EA38E03D13D7852E007D9190 /* CFNetwork.framework */,
				EA262C4613D34ADC006574FB /* QuartzCore.framework */,
				EA262B1013D2CCDB006574FB /* CoreLocation.framework */,
				EA262B2B13D2CFE2006574FB /* libProj4.a */,
				EA262AFE13D2CB24006574FB /* Proj4.xcodeproj */,
				EA6DDC5713D2C2CF0054A79B /* UIKit.framework */,
				EA6DDC5913D2C2CF0054A79B /* Foundation.framework */,
				EA6DDC5B13D2C2CF0054A79B /* CoreGraphics.framework */,
			);
			name = Frameworks;
			sourceTree = "<group>";
		};
		EA6DDC5D13D2C2CF0054A79B /* AnyMap */ = {
			isa = PBXGroup;
			children = (
				EA262B4113D2D8F2006574FB /* Shared */,
				EA6DDC6613D2C2CF0054A79B /* AnyMapAppDelegate.h */,
				EA6DDC6713D2C2CF0054A79B /* AnyMapAppDelegate.m */,
				EA6DDC6913D2C2CF0054A79B /* iPhone */,
				EA6DDC7013D2C2CF0054A79B /* iPad */,
				EA6DDC5E13D2C2CF0054A79B /* Supporting Files */,
			);
			path = AnyMap;
			sourceTree = "<group>";
		};
		EA6DDC5E13D2C2CF0054A79B /* Supporting Files */ = {
			isa = PBXGroup;
			children = (
				EA6DDC5F13D2C2CF0054A79B /* AnyMap-Info.plist */,
				EA6DDC6013D2C2CF0054A79B /* InfoPlist.strings */,
				EA6DDC6313D2C2CF0054A79B /* AnyMap-Prefix.pch */,
				EA6DDC6413D2C2CF0054A79B /* main.m */,
			);
			name = "Supporting Files";
			sourceTree = "<group>";
		};
		EA6DDC6913D2C2CF0054A79B /* iPhone */ = {
			isa = PBXGroup;
			children = (
				EA6DDC6A13D2C2CF0054A79B /* AnyMapAppDelegate_iPhone.h */,
				EA6DDC6B13D2C2CF0054A79B /* AnyMapAppDelegate_iPhone.m */,
				EA6DDC6D13D2C2CF0054A79B /* MainWindow_iPhone.xib */,
				EA262B3713D2D858006574FB /* SmallMapViewController.h */,
				EA262B3813D2D858006574FB /* SmallMapViewController.m */,
				EA262B3913D2D858006574FB /* SmallMapViewController.xib */,
			);
			name = iPhone;
			sourceTree = "<group>";
		};
		EA6DDC7013D2C2CF0054A79B /* iPad */ = {
			isa = PBXGroup;
			children = (
				EA6DDC7113D2C2CF0054A79B /* AnyMapAppDelegate_iPad.h */,
				EA6DDC7213D2C2CF0054A79B /* AnyMapAppDelegate_iPad.m */,
				EA6DDC7413D2C2CF0054A79B /* MainWindow_iPad.xib */,
				EA262B3C13D2D870006574FB /* LargeMapViewController.h */,
				EA262B3D13D2D870006574FB /* LargeMapViewController.m */,
				EA262B3E13D2D870006574FB /* LargeMapViewController.xib */,
			);
			name = iPad;
			sourceTree = "<group>";
		};
/* End PBXGroup section */

/* Begin PBXNativeTarget section */
		EA262ACD13D2C692006574FB /* UnitTests */ = {
			isa = PBXNativeTarget;
			buildConfigurationList = EA262AE213D2C692006574FB /* Build configuration list for PBXNativeTarget "UnitTests" */;
			buildPhases = (
				EA262ACA13D2C692006574FB /* Sources */,
				EA262ACB13D2C692006574FB /* Frameworks */,
				EA262ACC13D2C692006574FB /* Resources */,
			);
			buildRules = (
			);
			dependencies = (
			);
			name = UnitTests;
			productName = UnitTests;
			productReference = EA262ACE13D2C692006574FB /* UnitTests.app */;
			productType = "com.apple.product-type.application";
		};
		EA6DDC5213D2C2CF0054A79B /* AnyMap */ = {
			isa = PBXNativeTarget;
			buildConfigurationList = EA6DDC7913D2C2CF0054A79B /* Build configuration list for PBXNativeTarget "AnyMap" */;
			buildPhases = (
				EA6DDC4F13D2C2CF0054A79B /* Sources */,
				EA6DDC5013D2C2CF0054A79B /* Frameworks */,
				EA6DDC5113D2C2CF0054A79B /* Resources */,
			);
			buildRules = (
			);
			dependencies = (
				EA262B0813D2CB31006574FB /* PBXTargetDependency */,
			);
			name = AnyMap;
			productName = AnyMap;
			productReference = EA6DDC5313D2C2CF0054A79B /* AnyMap.app */;
			productType = "com.apple.product-type.application";
		};
/* End PBXNativeTarget section */

/* Begin PBXProject section */
		EA6DDC4A13D2C2CF0054A79B /* Project object */ = {
			isa = PBXProject;
			buildConfigurationList = EA6DDC4D13D2C2CF0054A79B /* Build configuration list for PBXProject "AnyMap" */;
			compatibilityVersion = "Xcode 3.2";
			developmentRegion = English;
			hasScannedForEncodings = 0;
			knownRegions = (
				en,
			);
			mainGroup = EA6DDC4813D2C2CF0054A79B;
			productRefGroup = EA6DDC5413D2C2CF0054A79B /* Products */;
			projectDirPath = "";
			projectReferences = (
				{
					ProductGroup = EA262AFF13D2CB24006574FB /* Products */;
					ProjectRef = EA262AFE13D2CB24006574FB /* Proj4.xcodeproj */;
				},
			);
			projectRoot = "";
			targets = (
				EA6DDC5213D2C2CF0054A79B /* AnyMap */,
				EA262ACD13D2C692006574FB /* UnitTests */,
			);
		};
/* End PBXProject section */

/* Begin PBXReferenceProxy section */
		EA262B0613D2CB25006574FB /* libProj4.a */ = {
			isa = PBXReferenceProxy;
			fileType = archive.ar;
			path = libProj4.a;
			remoteRef = EA262B0513D2CB25006574FB /* PBXContainerItemProxy */;
			sourceTree = BUILT_PRODUCTS_DIR;
		};
/* End PBXReferenceProxy section */

/* Begin PBXResourcesBuildPhase section */
		EA262ACC13D2C692006574FB /* Resources */ = {
			isa = PBXResourcesBuildPhase;
			buildActionMask = 2147483647;
			files = (
				EA262AD813D2C692006574FB /* InfoPlist.strings in Resources */,
			);
			runOnlyForDeploymentPostprocessing = 0;
		};
		EA6DDC5113D2C2CF0054A79B /* Resources */ = {
			isa = PBXResourcesBuildPhase;
			buildActionMask = 2147483647;
			files = (
				EA6DDC6213D2C2CF0054A79B /* InfoPlist.strings in Resources */,
				EA6DDC6F13D2C2CF0054A79B /* MainWindow_iPhone.xib in Resources */,
				EA6DDC7613D2C2CF0054A79B /* MainWindow_iPad.xib in Resources */,
				EA262B3B13D2D858006574FB /* SmallMapViewController.xib in Resources */,
				EA262B4013D2D870006574FB /* LargeMapViewController.xib in Resources */,
				EA28A56A13D4E7BA00050D12 /* downloading.png in Resources */,
			);
			runOnlyForDeploymentPostprocessing = 0;
		};
/* End PBXResourcesBuildPhase section */

/* Begin PBXSourcesBuildPhase section */
		EA262ACA13D2C692006574FB /* Sources */ = {
			isa = PBXSourcesBuildPhase;
			buildActionMask = 2147483647;
			files = (
				EA262ADB13D2C692006574FB /* main.m in Sources */,
				EA262AE913D2C811006574FB /* SampleTest.m in Sources */,
				EA262B2313D2CE2F006574FB /* EPSG3785Test.m in Sources */,
				EA262B3013D2D09C006574FB /* EPSG3785.m in Sources */,
				EA262B3413D2D1CA006574FB /* JSWgsPoint.m in Sources */,
				EA262B3513D2D1DA006574FB /* JSMapPos.m in Sources */,
				EA262B3613D2D1E6006574FB /* JSBaseProjection.m in Sources */,
				EA262BAB13D3093A006574FB /* JSMicrosoftMapTest.m in Sources */,
				EA6DDC7B13D2C2CF0054A7AE /* JSMapTileTest.m in Sources */,
				EA262C1113D30B8B006574FB /* JSOpenStreetMap.m in Sources */,
				EA262C1213D30B94006574FB /* JSMicrosoftMap.m in Sources */,
				EA262C1313D30B9F006574FB /* JSMapTile.m in Sources */,
				EA262C1413D30BAD006574FB /* JSBaseMap.m in Sources */,
				EA262C3313D30BF5006574FB /* JSZoomRange.m in Sources */,
			);
			runOnlyForDeploymentPostprocessing = 0;
		};
		EA6DDC4F13D2C2CF0054A79B /* Sources */ = {
			isa = PBXSourcesBuildPhase;
			buildActionMask = 2147483647;
			files = (
				EA6DDC6513D2C2CF0054A79B /* main.m in Sources */,
				EA6DDC6813D2C2CF0054A79B /* AnyMapAppDelegate.m in Sources */,
				EA6DDC6C13D2C2CF0054A79B /* AnyMapAppDelegate_iPhone.m in Sources */,
				EA6DDC7313D2C2CF0054A79B /* AnyMapAppDelegate_iPad.m in Sources */,
				EA262B1D13D2CDE6006574FB /* EPSG3785.m in Sources */,
				EA262B1E13D2CDE6006574FB /* JSBaseProjection.m in Sources */,
				EA262B2713D2CEC3006574FB /* JSMapPos.m in Sources */,
				EA262B2A13D2CF27006574FB /* JSWgsPoint.m in Sources */,
				EA262B3A13D2D858006574FB /* SmallMapViewController.m in Sources */,
				EA262B3F13D2D870006574FB /* LargeMapViewController.m in Sources */,
				EA6DDC7B13D2C2CF0054A79D /* MapViewController.m in Sources */,
				EA6DDC7B13D2C2CF0054A7A0 /* JSMapView.m in Sources */,
				EA6DDC7B13D2C2CF0054A7A3 /* JSMapTilesView.m in Sources */,
				EA6DDC7B13D2C2CF0054A7A6 /* JSMicrosoftMap.m in Sources */,
				EA6DDC7B13D2C2CF0054A7AA /* JSBaseMap.m in Sources */,
				EA6DDC7B13D2C2CF0054A7B0 /* JSMapTile.m in Sources */,
				EA6DDC7B13D2C2CF0054A7B3 /* JSOpenStreetMap.m in Sources */,
				EA6DDC7B13D2C2CF0054A7B6 /* JSZoomRange.m in Sources */,
				EA6DDC7B13D2C2CF0054A7B9 /* JSMapTilesRenderer.m in Sources */,
				EA38E03013D784F5007D9190 /* ASIDataCompressor.m in Sources */,
				EA38E03113D784F5007D9190 /* ASIDataDecompressor.m in Sources */,
				EA38E03213D784F5007D9190 /* ASIDownloadCache.m in Sources */,
				EA38E03313D784F5007D9190 /* ASIFormDataRequest.m in Sources */,
				EA38E03413D784F5007D9190 /* ASIHTTPRequest.m in Sources */,
				EA38E03513D784F5007D9190 /* ASIInputStream.m in Sources */,
				EA38E03613D784F5007D9190 /* ASINetworkQueue.m in Sources */,
				EA38E03913D78508007D9190 /* ASIAuthenticationDialog.m in Sources */,
				EA38E03C13D78517007D9190 /* Reachability.m in Sources */,
				EA38E05C13D788A1007D9190 /* JSTilePullRequest.m in Sources */,
			);
			runOnlyForDeploymentPostprocessing = 0;
		};
/* End PBXSourcesBuildPhase section */

/* Begin PBXTargetDependency section */
		EA262B0813D2CB31006574FB /* PBXTargetDependency */ = {
			isa = PBXTargetDependency;
			name = Proj4;
			targetProxy = EA262B0713D2CB31006574FB /* PBXContainerItemProxy */;
		};
/* End PBXTargetDependency section */

/* Begin PBXVariantGroup section */
		EA262AD613D2C692006574FB /* InfoPlist.strings */ = {
			isa = PBXVariantGroup;
			children = (
				EA262AD713D2C692006574FB /* en */,
			);
			name = InfoPlist.strings;
			sourceTree = "<group>";
		};
		EA6DDC6013D2C2CF0054A79B /* InfoPlist.strings */ = {
			isa = PBXVariantGroup;
			children = (
				EA6DDC6113D2C2CF0054A79B /* en */,
			);
			name = InfoPlist.strings;
			sourceTree = "<group>";
		};
		EA6DDC6D13D2C2CF0054A79B /* MainWindow_iPhone.xib */ = {
			isa = PBXVariantGroup;
			children = (
				EA6DDC6E13D2C2CF0054A79B /* en */,
			);
			name = MainWindow_iPhone.xib;
			sourceTree = "<group>";
		};
		EA6DDC7413D2C2CF0054A79B /* MainWindow_iPad.xib */ = {
			isa = PBXVariantGroup;
			children = (
				EA6DDC7513D2C2CF0054A79B /* en */,
			);
			name = MainWindow_iPad.xib;
			sourceTree = "<group>";
		};
/* End PBXVariantGroup section */

/* Begin XCBuildConfiguration section */
		EA262AE313D2C692006574FB /* Debug */ = {
			isa = XCBuildConfiguration;
			buildSettings = {
				ALWAYS_SEARCH_USER_PATHS = NO;
				ARCHS = "$(ARCHS_UNIVERSAL_IPHONE_OS)";
				"CODE_SIGN_IDENTITY[sdk=iphoneos*]" = "iPhone Developer";
				COPY_PHASE_STRIP = NO;
				FRAMEWORK_SEARCH_PATHS = (
					"$(inherited)",
					"\"$(SRCROOT)/TestFrameworks\"",
				);
				GCC_DYNAMIC_NO_PIC = NO;
				GCC_PRECOMPILE_PREFIX_HEADER = YES;
				GCC_PREFIX_HEADER = "UnitTests/UnitTests-Prefix.pch";
				HEADER_SEARCH_PATHS = "$(SRCROOT)/Proj4";
				INFOPLIST_FILE = "UnitTests/UnitTests-Info.plist";
				IPHONEOS_DEPLOYMENT_TARGET = 4.0;
				OTHER_LDFLAGS = (
					"-ObjC",
					"-all_load",
				);
				PRODUCT_NAME = "$(TARGET_NAME)";
				TARGETED_DEVICE_FAMILY = 1;
				WRAPPER_EXTENSION = app;
			};
			name = Debug;
		};
		EA262AE413D2C692006574FB /* Release */ = {
			isa = XCBuildConfiguration;
			buildSettings = {
				ALWAYS_SEARCH_USER_PATHS = NO;
				ARCHS = "$(ARCHS_UNIVERSAL_IPHONE_OS)";
				"CODE_SIGN_IDENTITY[sdk=iphoneos*]" = "iPhone Developer";
				COPY_PHASE_STRIP = YES;
				FRAMEWORK_SEARCH_PATHS = (
					"$(inherited)",
					"\"$(SRCROOT)/TestFrameworks\"",
				);
				GCC_PRECOMPILE_PREFIX_HEADER = YES;
				GCC_PREFIX_HEADER = "UnitTests/UnitTests-Prefix.pch";
				HEADER_SEARCH_PATHS = "$(SRCROOT)/Proj4";
				INFOPLIST_FILE = "UnitTests/UnitTests-Info.plist";
				IPHONEOS_DEPLOYMENT_TARGET = 4.0;
				OTHER_LDFLAGS = (
					"-ObjC",
					"-all_load",
				);
				PRODUCT_NAME = "$(TARGET_NAME)";
				TARGETED_DEVICE_FAMILY = 1;
				VALIDATE_PRODUCT = YES;
				WRAPPER_EXTENSION = app;
			};
			name = Release;
		};
		EA6DDC7713D2C2CF0054A79B /* Debug */ = {
			isa = XCBuildConfiguration;
			buildSettings = {
				ARCHS = "$(ARCHS_STANDARD_32_BIT)";
				"CODE_SIGN_IDENTITY[sdk=iphoneos*]" = "iPhone Developer";
				GCC_C_LANGUAGE_STANDARD = gnu99;
				GCC_OPTIMIZATION_LEVEL = 0;
				GCC_PREPROCESSOR_DEFINITIONS = DEBUG;
				GCC_SYMBOLS_PRIVATE_EXTERN = NO;
				GCC_VERSION = com.apple.compilers.llvmgcc42;
				GCC_WARN_ABOUT_RETURN_TYPE = YES;
				GCC_WARN_UNUSED_VARIABLE = YES;
				IPHONEOS_DEPLOYMENT_TARGET = 4.3;
				SDKROOT = iphoneos;
				TARGETED_DEVICE_FAMILY = "1,2";
			};
			name = Debug;
		};
		EA6DDC7813D2C2CF0054A79B /* Release */ = {
			isa = XCBuildConfiguration;
			buildSettings = {
				ARCHS = "$(ARCHS_STANDARD_32_BIT)";
				"CODE_SIGN_IDENTITY[sdk=iphoneos*]" = "iPhone Developer";
				GCC_C_LANGUAGE_STANDARD = gnu99;
				GCC_VERSION = com.apple.compilers.llvmgcc42;
				GCC_WARN_ABOUT_RETURN_TYPE = YES;
				GCC_WARN_UNUSED_VARIABLE = YES;
				IPHONEOS_DEPLOYMENT_TARGET = 4.3;
				OTHER_CFLAGS = "-DNS_BLOCK_ASSERTIONS=1";
				SDKROOT = iphoneos;
				TARGETED_DEVICE_FAMILY = "1,2";
			};
			name = Release;
		};
		EA6DDC7A13D2C2CF0054A79B /* Debug */ = {
			isa = XCBuildConfiguration;
			buildSettings = {
				ALWAYS_SEARCH_USER_PATHS = NO;
				COPY_PHASE_STRIP = NO;
				GCC_DYNAMIC_NO_PIC = NO;
				GCC_PRECOMPILE_PREFIX_HEADER = YES;
				GCC_PREFIX_HEADER = "AnyMap/AnyMap-Prefix.pch";
				HEADER_SEARCH_PATHS = "$(SRCROOT)/Proj4";
				INFOPLIST_FILE = "AnyMap/AnyMap-Info.plist";
				IPHONEOS_DEPLOYMENT_TARGET = 4.0;
				PRODUCT_NAME = "$(TARGET_NAME)";
				WRAPPER_EXTENSION = app;
			};
			name = Debug;
		};
		EA6DDC7B13D2C2CF0054A79B /* Release */ = {
			isa = XCBuildConfiguration;
			buildSettings = {
				ALWAYS_SEARCH_USER_PATHS = NO;
				COPY_PHASE_STRIP = YES;
				GCC_PRECOMPILE_PREFIX_HEADER = YES;
				GCC_PREFIX_HEADER = "AnyMap/AnyMap-Prefix.pch";
				HEADER_SEARCH_PATHS = "$(SRCROOT)/Proj4";
				INFOPLIST_FILE = "AnyMap/AnyMap-Info.plist";
				IPHONEOS_DEPLOYMENT_TARGET = 4.0;
				PRODUCT_NAME = "$(TARGET_NAME)";
				VALIDATE_PRODUCT = YES;
				WRAPPER_EXTENSION = app;
			};
			name = Release;
		};
/* End XCBuildConfiguration section */

/* Begin XCConfigurationList section */
		EA262AE213D2C692006574FB /* Build configuration list for PBXNativeTarget "UnitTests" */ = {
			isa = XCConfigurationList;
			buildConfigurations = (
				EA262AE313D2C692006574FB /* Debug */,
				EA262AE413D2C692006574FB /* Release */,
			);
			defaultConfigurationIsVisible = 0;
			defaultConfigurationName = Release;
		};
		EA6DDC4D13D2C2CF0054A79B /* Build configuration list for PBXProject "AnyMap" */ = {
			isa = XCConfigurationList;
			buildConfigurations = (
				EA6DDC7713D2C2CF0054A79B /* Debug */,
				EA6DDC7813D2C2CF0054A79B /* Release */,
			);
			defaultConfigurationIsVisible = 0;
			defaultConfigurationName = Release;
		};
		EA6DDC7913D2C2CF0054A79B /* Build configuration list for PBXNativeTarget "AnyMap" */ = {
			isa = XCConfigurationList;
			buildConfigurations = (
				EA6DDC7A13D2C2CF0054A79B /* Debug */,
				EA6DDC7B13D2C2CF0054A79B /* Release */,
			);
			defaultConfigurationIsVisible = 0;
			defaultConfigurationName = Release;
		};
/* End XCConfigurationList section */
	};
	rootObject = EA6DDC4A13D2C2CF0054A79B /* Project object */;
}
