// !$*UTF8*$!
{
	archiveVersion = 1;
	classes = {
	};
	objectVersion = 46;
	objects = {

/* Begin PBXBuildFile section */
		EA262AD013D2C692006574FB /* UIKit.framework in Frameworks */ = {isa = PBXBuildFile; fileRef = EA6DDC5713D2C2CF0054A79B /* UIKit.framework */; };
		EA262AD113D2C692006574FB /* Foundation.framework in Frameworks */ = {isa = PBXBuildFile; fileRef = EA6DDC5913D2C2CF0054A79B /* Foundation.framework */; };
		EA262AD213D2C692006574FB /* CoreGraphics.framework in Frameworks */ = {isa = PBXBuildFile; fileRef = EA6DDC5B13D2C2CF0054A79B /* CoreGraphics.framework */; };
		EA262AD813D2C692006574FB /* InfoPlist.strings in Resources */ = {isa = PBXBuildFile; fileRef = EA262AD613D2C692006574FB /* InfoPlist.strings */; };
		EA262ADB13D2C692006574FB /* main.m in Sources */ = {isa = PBXBuildFile; fileRef = EA262ADA13D2C692006574FB /* main.m */; };
		EA262AE613D2C6F2006574FB /* GHUnitIOS.framework in Frameworks */ = {isa = PBXBuildFile; fileRef = EA262AE513D2C6F2006574FB /* GHUnitIOS.framework */; };
		EA262AE913D2C811006574FB /* SampleTest.m in Sources */ = {isa = PBXBuildFile; fileRef = EA262AE813D2C811006574FB /* SampleTest.m */; };
		EA6DDC5813D2C2CF0054A79B /* UIKit.framework in Frameworks */ = {isa = PBXBuildFile; fileRef = EA6DDC5713D2C2CF0054A79B /* UIKit.framework */; };
		EA6DDC5A13D2C2CF0054A79B /* Foundation.framework in Frameworks */ = {isa = PBXBuildFile; fileRef = EA6DDC5913D2C2CF0054A79B /* Foundation.framework */; };
		EA6DDC5C13D2C2CF0054A79B /* CoreGraphics.framework in Frameworks */ = {isa = PBXBuildFile; fileRef = EA6DDC5B13D2C2CF0054A79B /* CoreGraphics.framework */; };
		EA6DDC6213D2C2CF0054A79B /* InfoPlist.strings in Resources */ = {isa = PBXBuildFile; fileRef = EA6DDC6013D2C2CF0054A79B /* InfoPlist.strings */; };
		EA6DDC6513D2C2CF0054A79B /* main.m in Sources */ = {isa = PBXBuildFile; fileRef = EA6DDC6413D2C2CF0054A79B /* main.m */; };
		EA6DDC6813D2C2CF0054A79B /* AnyMapAppDelegate.m in Sources */ = {isa = PBXBuildFile; fileRef = EA6DDC6713D2C2CF0054A79B /* AnyMapAppDelegate.m */; };
		EA6DDC6C13D2C2CF0054A79B /* AnyMapAppDelegate_iPhone.m in Sources */ = {isa = PBXBuildFile; fileRef = EA6DDC6B13D2C2CF0054A79B /* AnyMapAppDelegate_iPhone.m */; };
		EA6DDC6F13D2C2CF0054A79B /* MainWindow_iPhone.xib in Resources */ = {isa = PBXBuildFile; fileRef = EA6DDC6D13D2C2CF0054A79B /* MainWindow_iPhone.xib */; };
		EA6DDC7313D2C2CF0054A79B /* AnyMapAppDelegate_iPad.m in Sources */ = {isa = PBXBuildFile; fileRef = EA6DDC7213D2C2CF0054A79B /* AnyMapAppDelegate_iPad.m */; };
		EA6DDC7613D2C2CF0054A79B /* MainWindow_iPad.xib in Resources */ = {isa = PBXBuildFile; fileRef = EA6DDC7413D2C2CF0054A79B /* MainWindow_iPad.xib */; };
/* End PBXBuildFile section */

/* Begin PBXFileReference section */
		EA262ACE13D2C692006574FB /* UnitTests.app */ = {isa = PBXFileReference; explicitFileType = wrapper.application; includeInIndex = 0; path = UnitTests.app; sourceTree = BUILT_PRODUCTS_DIR; };
		EA262AD513D2C692006574FB /* UnitTests-Info.plist */ = {isa = PBXFileReference; lastKnownFileType = text.plist.xml; path = "UnitTests-Info.plist"; sourceTree = "<group>"; };
		EA262AD713D2C692006574FB /* en */ = {isa = PBXFileReference; lastKnownFileType = text.plist.strings; name = en; path = en.lproj/InfoPlist.strings; sourceTree = "<group>"; };
		EA262AD913D2C692006574FB /* UnitTests-Prefix.pch */ = {isa = PBXFileReference; lastKnownFileType = sourcecode.c.h; path = "UnitTests-Prefix.pch"; sourceTree = "<group>"; };
		EA262ADA13D2C692006574FB /* main.m */ = {isa = PBXFileReference; lastKnownFileType = sourcecode.c.objc; path = main.m; sourceTree = "<group>"; };
		EA262AE513D2C6F2006574FB /* GHUnitIOS.framework */ = {isa = PBXFileReference; lastKnownFileType = wrapper.framework; path = GHUnitIOS.framework; sourceTree = "<group>"; };
		EA262AE813D2C811006574FB /* SampleTest.m */ = {isa = PBXFileReference; fileEncoding = 4; lastKnownFileType = sourcecode.c.objc; path = SampleTest.m; sourceTree = "<group>"; };
		EA6DDC5313D2C2CF0054A79B /* AnyMap.app */ = {isa = PBXFileReference; explicitFileType = wrapper.application; includeInIndex = 0; path = AnyMap.app; sourceTree = BUILT_PRODUCTS_DIR; };
		EA6DDC5713D2C2CF0054A79B /* UIKit.framework */ = {isa = PBXFileReference; lastKnownFileType = wrapper.framework; name = UIKit.framework; path = System/Library/Frameworks/UIKit.framework; sourceTree = SDKROOT; };
		EA6DDC5913D2C2CF0054A79B /* Foundation.framework */ = {isa = PBXFileReference; lastKnownFileType = wrapper.framework; name = Foundation.framework; path = System/Library/Frameworks/Foundation.framework; sourceTree = SDKROOT; };
		EA6DDC5B13D2C2CF0054A79B /* CoreGraphics.framework */ = {isa = PBXFileReference; lastKnownFileType = wrapper.framework; name = CoreGraphics.framework; path = System/Library/Frameworks/CoreGraphics.framework; sourceTree = SDKROOT; };
		EA6DDC5F13D2C2CF0054A79B /* AnyMap-Info.plist */ = {isa = PBXFileReference; lastKnownFileType = text.plist.xml; path = "AnyMap-Info.plist"; sourceTree = "<group>"; };
		EA6DDC6113D2C2CF0054A79B /* en */ = {isa = PBXFileReference; lastKnownFileType = text.plist.strings; name = en; path = en.lproj/InfoPlist.strings; sourceTree = "<group>"; };
		EA6DDC6313D2C2CF0054A79B /* AnyMap-Prefix.pch */ = {isa = PBXFileReference; lastKnownFileType = sourcecode.c.h; path = "AnyMap-Prefix.pch"; sourceTree = "<group>"; };
		EA6DDC6413D2C2CF0054A79B /* main.m */ = {isa = PBXFileReference; lastKnownFileType = sourcecode.c.objc; path = main.m; sourceTree = "<group>"; };
		EA6DDC6613D2C2CF0054A79B /* AnyMapAppDelegate.h */ = {isa = PBXFileReference; lastKnownFileType = sourcecode.c.h; path = AnyMapAppDelegate.h; sourceTree = "<group>"; };
		EA6DDC6713D2C2CF0054A79B /* AnyMapAppDelegate.m */ = {isa = PBXFileReference; lastKnownFileType = sourcecode.c.objc; path = AnyMapAppDelegate.m; sourceTree = "<group>"; };
		EA6DDC6A13D2C2CF0054A79B /* AnyMapAppDelegate_iPhone.h */ = {isa = PBXFileReference; lastKnownFileType = sourcecode.c.h; name = AnyMapAppDelegate_iPhone.h; path = iPhone/AnyMapAppDelegate_iPhone.h; sourceTree = "<group>"; };
		EA6DDC6B13D2C2CF0054A79B /* AnyMapAppDelegate_iPhone.m */ = {isa = PBXFileReference; lastKnownFileType = sourcecode.c.objc; name = AnyMapAppDelegate_iPhone.m; path = iPhone/AnyMapAppDelegate_iPhone.m; sourceTree = "<group>"; };
		EA6DDC6E13D2C2CF0054A79B /* en */ = {isa = PBXFileReference; lastKnownFileType = file.xib; name = en; path = iPhone/en.lproj/MainWindow_iPhone.xib; sourceTree = "<group>"; };
		EA6DDC7113D2C2CF0054A79B /* AnyMapAppDelegate_iPad.h */ = {isa = PBXFileReference; lastKnownFileType = sourcecode.c.h; name = AnyMapAppDelegate_iPad.h; path = iPad/AnyMapAppDelegate_iPad.h; sourceTree = "<group>"; };
		EA6DDC7213D2C2CF0054A79B /* AnyMapAppDelegate_iPad.m */ = {isa = PBXFileReference; lastKnownFileType = sourcecode.c.objc; name = AnyMapAppDelegate_iPad.m; path = iPad/AnyMapAppDelegate_iPad.m; sourceTree = "<group>"; };
		EA6DDC7513D2C2CF0054A79B /* en */ = {isa = PBXFileReference; lastKnownFileType = file.xib; name = en; path = iPad/en.lproj/MainWindow_iPad.xib; sourceTree = "<group>"; };
/* End PBXFileReference section */

/* Begin PBXFrameworksBuildPhase section */
		EA262ACB13D2C692006574FB /* Frameworks */ = {
			isa = PBXFrameworksBuildPhase;
			buildActionMask = 2147483647;
			files = (
				EA262AD013D2C692006574FB /* UIKit.framework in Frameworks */,
				EA262AD113D2C692006574FB /* Foundation.framework in Frameworks */,
				EA262AD213D2C692006574FB /* CoreGraphics.framework in Frameworks */,
				EA262AE613D2C6F2006574FB /* GHUnitIOS.framework in Frameworks */,
			);
			runOnlyForDeploymentPostprocessing = 0;
		};
		EA6DDC5013D2C2CF0054A79B /* Frameworks */ = {
			isa = PBXFrameworksBuildPhase;
			buildActionMask = 2147483647;
			files = (
				EA6DDC5813D2C2CF0054A79B /* UIKit.framework in Frameworks */,
				EA6DDC5A13D2C2CF0054A79B /* Foundation.framework in Frameworks */,
				EA6DDC5C13D2C2CF0054A79B /* CoreGraphics.framework in Frameworks */,
			);
			runOnlyForDeploymentPostprocessing = 0;
		};
/* End PBXFrameworksBuildPhase section */

/* Begin PBXGroup section */
		EA262AC713D2C62A006574FB /* TestFrameworks */ = {
			isa = PBXGroup;
			children = (
				EA262AE513D2C6F2006574FB /* GHUnitIOS.framework */,
			);
			path = TestFrameworks;
			sourceTree = "<group>";
		};
		EA262AD313D2C692006574FB /* UnitTests */ = {
			isa = PBXGroup;
			children = (
				EA262AD413D2C692006574FB /* Supporting Files */,
				EA262AE813D2C811006574FB /* SampleTest.m */,
			);
			path = UnitTests;
			sourceTree = "<group>";
		};
		EA262AD413D2C692006574FB /* Supporting Files */ = {
			isa = PBXGroup;
			children = (
				EA262AD513D2C692006574FB /* UnitTests-Info.plist */,
				EA262AD613D2C692006574FB /* InfoPlist.strings */,
				EA262AD913D2C692006574FB /* UnitTests-Prefix.pch */,
				EA262ADA13D2C692006574FB /* main.m */,
			);
			name = "Supporting Files";
			sourceTree = "<group>";
		};
		EA6DDC4813D2C2CF0054A79B = {
			isa = PBXGroup;
			children = (
				EA6DDC5D13D2C2CF0054A79B /* AnyMap */,
				EA262AD313D2C692006574FB /* UnitTests */,
				EA6DDC5613D2C2CF0054A79B /* Frameworks */,
				EA262AC713D2C62A006574FB /* TestFrameworks */,
				EA6DDC5413D2C2CF0054A79B /* Products */,
			);
			sourceTree = "<group>";
		};
		EA6DDC5413D2C2CF0054A79B /* Products */ = {
			isa = PBXGroup;
			children = (
				EA6DDC5313D2C2CF0054A79B /* AnyMap.app */,
				EA262ACE13D2C692006574FB /* UnitTests.app */,
			);
			name = Products;
			sourceTree = "<group>";
		};
		EA6DDC5613D2C2CF0054A79B /* Frameworks */ = {
			isa = PBXGroup;
			children = (
				EA6DDC5713D2C2CF0054A79B /* UIKit.framework */,
				EA6DDC5913D2C2CF0054A79B /* Foundation.framework */,
				EA6DDC5B13D2C2CF0054A79B /* CoreGraphics.framework */,
			);
			name = Frameworks;
			sourceTree = "<group>";
		};
		EA6DDC5D13D2C2CF0054A79B /* AnyMap */ = {
			isa = PBXGroup;
			children = (
				EA6DDC6613D2C2CF0054A79B /* AnyMapAppDelegate.h */,
				EA6DDC6713D2C2CF0054A79B /* AnyMapAppDelegate.m */,
				EA6DDC6913D2C2CF0054A79B /* iPhone */,
				EA6DDC7013D2C2CF0054A79B /* iPad */,
				EA6DDC5E13D2C2CF0054A79B /* Supporting Files */,
			);
			path = AnyMap;
			sourceTree = "<group>";
		};
		EA6DDC5E13D2C2CF0054A79B /* Supporting Files */ = {
			isa = PBXGroup;
			children = (
				EA6DDC5F13D2C2CF0054A79B /* AnyMap-Info.plist */,
				EA6DDC6013D2C2CF0054A79B /* InfoPlist.strings */,
				EA6DDC6313D2C2CF0054A79B /* AnyMap-Prefix.pch */,
				EA6DDC6413D2C2CF0054A79B /* main.m */,
			);
			name = "Supporting Files";
			sourceTree = "<group>";
		};
		EA6DDC6913D2C2CF0054A79B /* iPhone */ = {
			isa = PBXGroup;
			children = (
				EA6DDC6A13D2C2CF0054A79B /* AnyMapAppDelegate_iPhone.h */,
				EA6DDC6B13D2C2CF0054A79B /* AnyMapAppDelegate_iPhone.m */,
				EA6DDC6D13D2C2CF0054A79B /* MainWindow_iPhone.xib */,
			);
			name = iPhone;
			sourceTree = "<group>";
		};
		EA6DDC7013D2C2CF0054A79B /* iPad */ = {
			isa = PBXGroup;
			children = (
				EA6DDC7113D2C2CF0054A79B /* AnyMapAppDelegate_iPad.h */,
				EA6DDC7213D2C2CF0054A79B /* AnyMapAppDelegate_iPad.m */,
				EA6DDC7413D2C2CF0054A79B /* MainWindow_iPad.xib */,
			);
			name = iPad;
			sourceTree = "<group>";
		};
/* End PBXGroup section */

/* Begin PBXNativeTarget section */
		EA262ACD13D2C692006574FB /* UnitTests */ = {
			isa = PBXNativeTarget;
			buildConfigurationList = EA262AE213D2C692006574FB /* Build configuration list for PBXNativeTarget "UnitTests" */;
			buildPhases = (
				EA262ACA13D2C692006574FB /* Sources */,
				EA262ACB13D2C692006574FB /* Frameworks */,
				EA262ACC13D2C692006574FB /* Resources */,
			);
			buildRules = (
			);
			dependencies = (
			);
			name = UnitTests;
			productName = UnitTests;
			productReference = EA262ACE13D2C692006574FB /* UnitTests.app */;
			productType = "com.apple.product-type.application";
		};
		EA6DDC5213D2C2CF0054A79B /* AnyMap */ = {
			isa = PBXNativeTarget;
			buildConfigurationList = EA6DDC7913D2C2CF0054A79B /* Build configuration list for PBXNativeTarget "AnyMap" */;
			buildPhases = (
				EA6DDC4F13D2C2CF0054A79B /* Sources */,
				EA6DDC5013D2C2CF0054A79B /* Frameworks */,
				EA6DDC5113D2C2CF0054A79B /* Resources */,
			);
			buildRules = (
			);
			dependencies = (
			);
			name = AnyMap;
			productName = AnyMap;
			productReference = EA6DDC5313D2C2CF0054A79B /* AnyMap.app */;
			productType = "com.apple.product-type.application";
		};
/* End PBXNativeTarget section */

/* Begin PBXProject section */
		EA6DDC4A13D2C2CF0054A79B /* Project object */ = {
			isa = PBXProject;
			buildConfigurationList = EA6DDC4D13D2C2CF0054A79B /* Build configuration list for PBXProject "AnyMap" */;
			compatibilityVersion = "Xcode 3.2";
			developmentRegion = English;
			hasScannedForEncodings = 0;
			knownRegions = (
				en,
			);
			mainGroup = EA6DDC4813D2C2CF0054A79B;
			productRefGroup = EA6DDC5413D2C2CF0054A79B /* Products */;
			projectDirPath = "";
			projectRoot = "";
			targets = (
				EA6DDC5213D2C2CF0054A79B /* AnyMap */,
				EA262ACD13D2C692006574FB /* UnitTests */,
			);
		};
/* End PBXProject section */

/* Begin PBXResourcesBuildPhase section */
		EA262ACC13D2C692006574FB /* Resources */ = {
			isa = PBXResourcesBuildPhase;
			buildActionMask = 2147483647;
			files = (
				EA262AD813D2C692006574FB /* InfoPlist.strings in Resources */,
			);
			runOnlyForDeploymentPostprocessing = 0;
		};
		EA6DDC5113D2C2CF0054A79B /* Resources */ = {
			isa = PBXResourcesBuildPhase;
			buildActionMask = 2147483647;
			files = (
				EA6DDC6213D2C2CF0054A79B /* InfoPlist.strings in Resources */,
				EA6DDC6F13D2C2CF0054A79B /* MainWindow_iPhone.xib in Resources */,
				EA6DDC7613D2C2CF0054A79B /* MainWindow_iPad.xib in Resources */,
			);
			runOnlyForDeploymentPostprocessing = 0;
		};
/* End PBXResourcesBuildPhase section */

/* Begin PBXSourcesBuildPhase section */
		EA262ACA13D2C692006574FB /* Sources */ = {
			isa = PBXSourcesBuildPhase;
			buildActionMask = 2147483647;
			files = (
				EA262ADB13D2C692006574FB /* main.m in Sources */,
				EA262AE913D2C811006574FB /* SampleTest.m in Sources */,
			);
			runOnlyForDeploymentPostprocessing = 0;
		};
		EA6DDC4F13D2C2CF0054A79B /* Sources */ = {
			isa = PBXSourcesBuildPhase;
			buildActionMask = 2147483647;
			files = (
				EA6DDC6513D2C2CF0054A79B /* main.m in Sources */,
				EA6DDC6813D2C2CF0054A79B /* AnyMapAppDelegate.m in Sources */,
				EA6DDC6C13D2C2CF0054A79B /* AnyMapAppDelegate_iPhone.m in Sources */,
				EA6DDC7313D2C2CF0054A79B /* AnyMapAppDelegate_iPad.m in Sources */,
			);
			runOnlyForDeploymentPostprocessing = 0;
		};
/* End PBXSourcesBuildPhase section */

/* Begin PBXVariantGroup section */
		EA262AD613D2C692006574FB /* InfoPlist.strings */ = {
			isa = PBXVariantGroup;
			children = (
				EA262AD713D2C692006574FB /* en */,
			);
			name = InfoPlist.strings;
			sourceTree = "<group>";
		};
		EA6DDC6013D2C2CF0054A79B /* InfoPlist.strings */ = {
			isa = PBXVariantGroup;
			children = (
				EA6DDC6113D2C2CF0054A79B /* en */,
			);
			name = InfoPlist.strings;
			sourceTree = "<group>";
		};
		EA6DDC6D13D2C2CF0054A79B /* MainWindow_iPhone.xib */ = {
			isa = PBXVariantGroup;
			children = (
				EA6DDC6E13D2C2CF0054A79B /* en */,
			);
			name = MainWindow_iPhone.xib;
			sourceTree = "<group>";
		};
		EA6DDC7413D2C2CF0054A79B /* MainWindow_iPad.xib */ = {
			isa = PBXVariantGroup;
			children = (
				EA6DDC7513D2C2CF0054A79B /* en */,
			);
			name = MainWindow_iPad.xib;
			sourceTree = "<group>";
		};
/* End PBXVariantGroup section */

/* Begin XCBuildConfiguration section */
		EA262AE313D2C692006574FB /* Debug */ = {
			isa = XCBuildConfiguration;
			buildSettings = {
				ALWAYS_SEARCH_USER_PATHS = NO;
				ARCHS = "$(ARCHS_UNIVERSAL_IPHONE_OS)";
				"CODE_SIGN_IDENTITY[sdk=iphoneos*]" = "iPhone Developer";
				COPY_PHASE_STRIP = NO;
				FRAMEWORK_SEARCH_PATHS = (
					"$(inherited)",
					"\"$(SRCROOT)/TestFrameworks\"",
				);
				GCC_DYNAMIC_NO_PIC = NO;
				GCC_PRECOMPILE_PREFIX_HEADER = YES;
				GCC_PREFIX_HEADER = "UnitTests/UnitTests-Prefix.pch";
				INFOPLIST_FILE = "UnitTests/UnitTests-Info.plist";
				IPHONEOS_DEPLOYMENT_TARGET = 4.0;
				OTHER_LDFLAGS = (
					"-ObjC",
					"-all_load",
				);
				PRODUCT_NAME = "$(TARGET_NAME)";
				TARGETED_DEVICE_FAMILY = 1;
				WRAPPER_EXTENSION = app;
			};
			name = Debug;
		};
		EA262AE413D2C692006574FB /* Release */ = {
			isa = XCBuildConfiguration;
			buildSettings = {
				ALWAYS_SEARCH_USER_PATHS = NO;
				ARCHS = "$(ARCHS_UNIVERSAL_IPHONE_OS)";
				"CODE_SIGN_IDENTITY[sdk=iphoneos*]" = "iPhone Developer";
				COPY_PHASE_STRIP = YES;
				FRAMEWORK_SEARCH_PATHS = (
					"$(inherited)",
					"\"$(SRCROOT)/TestFrameworks\"",
				);
				GCC_PRECOMPILE_PREFIX_HEADER = YES;
				GCC_PREFIX_HEADER = "UnitTests/UnitTests-Prefix.pch";
				INFOPLIST_FILE = "UnitTests/UnitTests-Info.plist";
				IPHONEOS_DEPLOYMENT_TARGET = 4.0;
				OTHER_LDFLAGS = (
					"-ObjC",
					"-all_load",
				);
				PRODUCT_NAME = "$(TARGET_NAME)";
				TARGETED_DEVICE_FAMILY = 1;
				VALIDATE_PRODUCT = YES;
				WRAPPER_EXTENSION = app;
			};
			name = Release;
		};
		EA6DDC7713D2C2CF0054A79B /* Debug */ = {
			isa = XCBuildConfiguration;
			buildSettings = {
				ARCHS = "$(ARCHS_STANDARD_32_BIT)";
				"CODE_SIGN_IDENTITY[sdk=iphoneos*]" = "iPhone Developer";
				GCC_C_LANGUAGE_STANDARD = gnu99;
				GCC_OPTIMIZATION_LEVEL = 0;
				GCC_PREPROCESSOR_DEFINITIONS = DEBUG;
				GCC_SYMBOLS_PRIVATE_EXTERN = NO;
				GCC_VERSION = com.apple.compilers.llvmgcc42;
				GCC_WARN_ABOUT_RETURN_TYPE = YES;
				GCC_WARN_UNUSED_VARIABLE = YES;
				IPHONEOS_DEPLOYMENT_TARGET = 4.3;
				SDKROOT = iphoneos;
				TARGETED_DEVICE_FAMILY = "1,2";
			};
			name = Debug;
		};
		EA6DDC7813D2C2CF0054A79B /* Release */ = {
			isa = XCBuildConfiguration;
			buildSettings = {
				ARCHS = "$(ARCHS_STANDARD_32_BIT)";
				"CODE_SIGN_IDENTITY[sdk=iphoneos*]" = "iPhone Developer";
				GCC_C_LANGUAGE_STANDARD = gnu99;
				GCC_VERSION = com.apple.compilers.llvmgcc42;
				GCC_WARN_ABOUT_RETURN_TYPE = YES;
				GCC_WARN_UNUSED_VARIABLE = YES;
				IPHONEOS_DEPLOYMENT_TARGET = 4.3;
				OTHER_CFLAGS = "-DNS_BLOCK_ASSERTIONS=1";
				SDKROOT = iphoneos;
				TARGETED_DEVICE_FAMILY = "1,2";
			};
			name = Release;
		};
		EA6DDC7A13D2C2CF0054A79B /* Debug */ = {
			isa = XCBuildConfiguration;
			buildSettings = {
				ALWAYS_SEARCH_USER_PATHS = NO;
				COPY_PHASE_STRIP = NO;
				GCC_DYNAMIC_NO_PIC = NO;
				GCC_PRECOMPILE_PREFIX_HEADER = YES;
				GCC_PREFIX_HEADER = "AnyMap/AnyMap-Prefix.pch";
				INFOPLIST_FILE = "AnyMap/AnyMap-Info.plist";
				IPHONEOS_DEPLOYMENT_TARGET = 4.0;
				PRODUCT_NAME = "$(TARGET_NAME)";
				WRAPPER_EXTENSION = app;
			};
			name = Debug;
		};
		EA6DDC7B13D2C2CF0054A79B /* Release */ = {
			isa = XCBuildConfiguration;
			buildSettings = {
				ALWAYS_SEARCH_USER_PATHS = NO;
				COPY_PHASE_STRIP = YES;
				GCC_PRECOMPILE_PREFIX_HEADER = YES;
				GCC_PREFIX_HEADER = "AnyMap/AnyMap-Prefix.pch";
				INFOPLIST_FILE = "AnyMap/AnyMap-Info.plist";
				IPHONEOS_DEPLOYMENT_TARGET = 4.0;
				PRODUCT_NAME = "$(TARGET_NAME)";
				VALIDATE_PRODUCT = YES;
				WRAPPER_EXTENSION = app;
			};
			name = Release;
		};
/* End XCBuildConfiguration section */

/* Begin XCConfigurationList section */
		EA262AE213D2C692006574FB /* Build configuration list for PBXNativeTarget "UnitTests" */ = {
			isa = XCConfigurationList;
			buildConfigurations = (
				EA262AE313D2C692006574FB /* Debug */,
				EA262AE413D2C692006574FB /* Release */,
			);
			defaultConfigurationIsVisible = 0;
		};
		EA6DDC4D13D2C2CF0054A79B /* Build configuration list for PBXProject "AnyMap" */ = {
			isa = XCConfigurationList;
			buildConfigurations = (
				EA6DDC7713D2C2CF0054A79B /* Debug */,
				EA6DDC7813D2C2CF0054A79B /* Release */,
			);
			defaultConfigurationIsVisible = 0;
			defaultConfigurationName = Release;
		};
		EA6DDC7913D2C2CF0054A79B /* Build configuration list for PBXNativeTarget "AnyMap" */ = {
			isa = XCConfigurationList;
			buildConfigurations = (
				EA6DDC7A13D2C2CF0054A79B /* Debug */,
				EA6DDC7B13D2C2CF0054A79B /* Release */,
			);
			defaultConfigurationIsVisible = 0;
			defaultConfigurationName = Release;
		};
/* End XCConfigurationList section */
	};
	rootObject = EA6DDC4A13D2C2CF0054A79B /* Project object */;
}
